{
  "version": 4,
  "terraform_version": "1.7.3",
  "serial": 5,
  "lineage": "3557b1f5-c7b9-cc35-23ce-94ed9ea62876",
  "outputs": {},
  "resources": [
    {
      "mode": "managed",
      "type": "newrelic_one_dashboard",
      "name": "exampledash",
      "provider": "provider[\"registry.terraform.io/newrelic/newrelic\"]",
      "instances": [
        {
          "schema_version": 0,
          "attributes": {
            "account_id": 4438271,
            "description": null,
            "guid": "NDQzODI3MXxWSVp8REFTSEJPQVJEfGRhOjY0ODM0MDI",
            "id": "NDQzODI3MXxWSVp8REFTSEJPQVJEfGRhOjY0ODM0MDI",
            "name": "Dashboard terraform",
            "page": [
              {
                "description": "",
                "guid": "NDQzODI3MXxWSVp8REFTSEJPQVJEfDE5MTQ4MzUy",
                "name": "New Relic Terraform",
                "widget_area": [],
                "widget_bar": [
                  {
                    "colors": [],
                    "column": 1,
                    "facet_show_other_series": false,
                    "filter_current_dashboard": false,
                    "height": 3,
                    "id": "268277343",
                    "ignore_time_range": false,
                    "legend_enabled": true,
                    "linked_entity_guids": [],
                    "nrql_query": [
                      {
                        "account_id": 4438271,
                        "query": "FROM Transaction select max(duration) as 'max duration' where httpResponseCode = '504' timeseries since 5 minutes ago"
                      }
                    ],
                    "null_values": [],
                    "row": 7,
                    "title": "Average transaction duration and the request per minute, by application",
                    "units": [],
                    "width": 6,
                    "y_axis_left_max": 0,
                    "y_axis_left_min": 0
                  },
                  {
                    "colors": [],
                    "column": 7,
                    "facet_show_other_series": false,
                    "filter_current_dashboard": false,
                    "height": 3,
                    "id": "268277344",
                    "ignore_time_range": false,
                    "legend_enabled": true,
                    "linked_entity_guids": [],
                    "nrql_query": [
                      {
                        "account_id": 4438271,
                        "query": "FROM Transaction select max(duration) as 'max duration' where httpResponseCode = '504' timeseries since 5 minutes ago"
                      }
                    ],
                    "null_values": [],
                    "row": 7,
                    "title": "Average transaction duration and the request per minute, by application",
                    "units": [],
                    "width": 6,
                    "y_axis_left_max": 0,
                    "y_axis_left_min": 0
                  }
                ],
                "widget_billboard": [
                  {
                    "colors": [],
                    "column": 1,
                    "critical": "",
                    "facet_show_other_series": false,
                    "height": 3,
                    "id": "268251679",
                    "ignore_time_range": false,
                    "legend_enabled": true,
                    "nrql_query": [
                      {
                        "account_id": 4438271,
                        "query": "FROM Transaction SELECT count(*) WHERE appName='mmt-blog'"
                      }
                    ],
                    "null_values": [],
                    "row": 1,
                    "title": "Total Transactions",
                    "units": [],
                    "warning": "",
                    "width": 6,
                    "y_axis_left_max": 0,
                    "y_axis_left_min": 0
                  },
                  {
                    "colors": [],
                    "column": 7,
                    "critical": "",
                    "facet_show_other_series": false,
                    "height": 3,
                    "id": "268053496",
                    "ignore_time_range": false,
                    "legend_enabled": true,
                    "nrql_query": [
                      {
                        "account_id": 4438271,
                        "query": "FROM Transaction SELECT count(*) WHERE appName='mmt-blog'"
                      }
                    ],
                    "null_values": [],
                    "row": 1,
                    "title": "Total Transactions",
                    "units": [],
                    "warning": "",
                    "width": 6,
                    "y_axis_left_max": 0,
                    "y_axis_left_min": 0
                  }
                ],
                "widget_bullet": [],
                "widget_funnel": [],
                "widget_heatmap": [],
                "widget_histogram": [],
                "widget_json": [],
                "widget_line": [
                  {
                    "colors": [],
                    "column": 1,
                    "facet_show_other_series": false,
                    "height": 3,
                    "id": "268251680",
                    "ignore_time_range": false,
                    "is_label_visible": false,
                    "legend_enabled": true,
                    "nrql_query": [
                      {
                        "account_id": 4438271,
                        "query": "FROM Transaction select max(duration) as 'max duration' where httpResponseCode = '504' timeseries since 5 minutes ago"
                      }
                    ],
                    "null_values": [],
                    "row": 7,
                    "threshold": [],
                    "title": "Average transaction duration and the request per minute, by application",
                    "units": [],
                    "width": 6,
                    "y_axis_left_max": 0,
                    "y_axis_left_min": 0,
                    "y_axis_left_zero": false,
                    "y_axis_right": []
                  },
                  {
                    "colors": [],
                    "column": 7,
                    "facet_show_other_series": false,
                    "height": 3,
                    "id": "268053497",
                    "ignore_time_range": false,
                    "is_label_visible": false,
                    "legend_enabled": true,
                    "nrql_query": [
                      {
                        "account_id": 4438271,
                        "query": "FROM Transaction select max(duration) as 'max duration' where httpResponseCode = '504' timeseries since 5 minutes ago"
                      }
                    ],
                    "null_values": [],
                    "row": 7,
                    "threshold": [],
                    "title": "Average transaction duration and the request per minute, by application",
                    "units": [],
                    "width": 6,
                    "y_axis_left_max": 0,
                    "y_axis_left_min": 0,
                    "y_axis_left_zero": false,
                    "y_axis_right": []
                  }
                ],
                "widget_log_table": [],
                "widget_markdown": [],
                "widget_pie": [],
                "widget_stacked_bar": [],
                "widget_table": [
                  {
                    "colors": [],
                    "column": 1,
                    "facet_show_other_series": false,
                    "filter_current_dashboard": false,
                    "height": 3,
                    "id": "268251681",
                    "ignore_time_range": false,
                    "legend_enabled": true,
                    "linked_entity_guids": [],
                    "nrql_query": [
                      {
                        "account_id": 4438271,
                        "query": "FROM Transaction SELECT average(duration) WHERE appName='mmt-blog' FACET name LIMIT MAX"
                      }
                    ],
                    "null_values": [],
                    "row": 4,
                    "threshold": [],
                    "title": "Average Duration Count",
                    "units": [],
                    "width": 6,
                    "y_axis_left_max": 0,
                    "y_axis_left_min": 0
                  },
                  {
                    "colors": [],
                    "column": 10,
                    "facet_show_other_series": false,
                    "filter_current_dashboard": false,
                    "height": 3,
                    "id": "268053498",
                    "ignore_time_range": false,
                    "legend_enabled": true,
                    "linked_entity_guids": [],
                    "nrql_query": [
                      {
                        "account_id": 4438271,
                        "query": "FROM Transaction SELECT average(duration) WHERE appName='mmt-blog' FACET name LIMIT MAX"
                      }
                    ],
                    "null_values": [],
                    "row": 4,
                    "threshold": [],
                    "title": "Average Duration Count",
                    "units": [],
                    "width": 6,
                    "y_axis_left_max": 0,
                    "y_axis_left_min": 0
                  }
                ]
              }
            ],
            "permalink": "https://one.newrelic.com/redirect/entity/NDQzODI3MXxWSVp8REFTSEJPQVJEfGRhOjY0ODM0MDI",
            "permissions": "public_read_only",
            "variable": []
          },
          "sensitive_attributes": [],
          "private": "bnVsbA=="
        }
      ]
    }
  ],
  "check_results": null
}
